
Microsoft Visual Studio Solution File, Format Version 12.00
# Visual Studio Version 16
VisualStudioVersion = 16.0.31205.134
MinimumVisualStudioVersion = 10.0.40219.1
Project("{FAE04EC0-301F-11D3-BF4B-00C04F79EFBC}") = "rocketcatalog.Product", "rocketcatalog.Product.csproj", "{0217E43D-8568-4A05-AA4C-6F23861274D3}"
EndProject
Project("{FAE04EC0-301F-11D3-BF4B-00C04F79EFBC}") = "DNNrocketAPI", "..\..\DNNrocket\API\DNNrocketAPI.csproj", "{2200F6C3-7D4B-4CDF-908F-DCA37ADFB121}"
EndProject
Project("{9A19103F-16F7-4668-BE54-9A1E7A4F7556}") = "Simplisity", "..\..\DNNrocket\Simplisity\Simplisity.csproj", "{6CF91D48-A9E4-4A88-B623-ED09F1554A3A}"
EndProject
Project("{9A19103F-16F7-4668-BE54-9A1E7A4F7556}") = "RocketCatalog", "..\..\DNNrocketModules\RocketCatalog\RocketCatalog.csproj", "{593EA6E6-3D36-475F-B92E-29D078E12A43}"
EndProject
Global
	GlobalSection(SolutionConfigurationPlatforms) = preSolution
		Comp All|Any CPU = Comp All|Any CPU
		CompAll|Any CPU = CompAll|Any CPU
		Debug|Any CPU = Debug|Any CPU
		Razor|Any CPU = Razor|Any CPU
		Release|Any CPU = Release|Any CPU
	EndGlobalSection
	GlobalSection(ProjectConfigurationPlatforms) = postSolution
		{0217E43D-8568-4A05-AA4C-6F23861274D3}.Comp All|Any CPU.ActiveCfg = Debug|Any CPU
		{0217E43D-8568-4A05-AA4C-6F23861274D3}.Comp All|Any CPU.Build.0 = Debug|Any CPU
		{0217E43D-8568-4A05-AA4C-6F23861274D3}.CompAll|Any CPU.ActiveCfg = Debug|Any CPU
		{0217E43D-8568-4A05-AA4C-6F23861274D3}.CompAll|Any CPU.Build.0 = Debug|Any CPU
		{0217E43D-8568-4A05-AA4C-6F23861274D3}.Debug|Any CPU.ActiveCfg = Debug|Any CPU
		{0217E43D-8568-4A05-AA4C-6F23861274D3}.Debug|Any CPU.Build.0 = Debug|Any CPU
		{0217E43D-8568-4A05-AA4C-6F23861274D3}.Razor|Any CPU.ActiveCfg = Release|Any CPU
		{0217E43D-8568-4A05-AA4C-6F23861274D3}.Razor|Any CPU.Build.0 = Release|Any CPU
		{0217E43D-8568-4A05-AA4C-6F23861274D3}.Release|Any CPU.ActiveCfg = Release|Any CPU
		{0217E43D-8568-4A05-AA4C-6F23861274D3}.Release|Any CPU.Build.0 = Release|Any CPU
		{2200F6C3-7D4B-4CDF-908F-DCA37ADFB121}.Comp All|Any CPU.ActiveCfg = Comp All|Any CPU
		{2200F6C3-7D4B-4CDF-908F-DCA37ADFB121}.Comp All|Any CPU.Build.0 = Comp All|Any CPU
		{2200F6C3-7D4B-4CDF-908F-DCA37ADFB121}.CompAll|Any CPU.ActiveCfg = CompAll|Any CPU
		{2200F6C3-7D4B-4CDF-908F-DCA37ADFB121}.CompAll|Any CPU.Build.0 = CompAll|Any CPU
		{2200F6C3-7D4B-4CDF-908F-DCA37ADFB121}.Debug|Any CPU.ActiveCfg = Debug|Any CPU
		{2200F6C3-7D4B-4CDF-908F-DCA37ADFB121}.Debug|Any CPU.Build.0 = Debug|Any CPU
		{2200F6C3-7D4B-4CDF-908F-DCA37ADFB121}.Razor|Any CPU.ActiveCfg = Razor|Any CPU
		{2200F6C3-7D4B-4CDF-908F-DCA37ADFB121}.Razor|Any CPU.Build.0 = Razor|Any CPU
		{2200F6C3-7D4B-4CDF-908F-DCA37ADFB121}.Release|Any CPU.ActiveCfg = Release|Any CPU
		{2200F6C3-7D4B-4CDF-908F-DCA37ADFB121}.Release|Any CPU.Build.0 = Release|Any CPU
		{6CF91D48-A9E4-4A88-B623-ED09F1554A3A}.Comp All|Any CPU.ActiveCfg = Comp All|Any CPU
		{6CF91D48-A9E4-4A88-B623-ED09F1554A3A}.Comp All|Any CPU.Build.0 = Comp All|Any CPU
		{6CF91D48-A9E4-4A88-B623-ED09F1554A3A}.CompAll|Any CPU.ActiveCfg = CompAll|Any CPU
		{6CF91D48-A9E4-4A88-B623-ED09F1554A3A}.CompAll|Any CPU.Build.0 = CompAll|Any CPU
		{6CF91D48-A9E4-4A88-B623-ED09F1554A3A}.Debug|Any CPU.ActiveCfg = Debug|Any CPU
		{6CF91D48-A9E4-4A88-B623-ED09F1554A3A}.Debug|Any CPU.Build.0 = Debug|Any CPU
		{6CF91D48-A9E4-4A88-B623-ED09F1554A3A}.Razor|Any CPU.ActiveCfg = Razor|Any CPU
		{6CF91D48-A9E4-4A88-B623-ED09F1554A3A}.Razor|Any CPU.Build.0 = Razor|Any CPU
		{6CF91D48-A9E4-4A88-B623-ED09F1554A3A}.Release|Any CPU.ActiveCfg = Release|Any CPU
		{6CF91D48-A9E4-4A88-B623-ED09F1554A3A}.Release|Any CPU.Build.0 = Release|Any CPU
		{593EA6E6-3D36-475F-B92E-29D078E12A43}.Comp All|Any CPU.ActiveCfg = Comp All|Any CPU
		{593EA6E6-3D36-475F-B92E-29D078E12A43}.Comp All|Any CPU.Build.0 = Comp All|Any CPU
		{593EA6E6-3D36-475F-B92E-29D078E12A43}.CompAll|Any CPU.ActiveCfg = CompAll|Any CPU
		{593EA6E6-3D36-475F-B92E-29D078E12A43}.CompAll|Any CPU.Build.0 = CompAll|Any CPU
		{593EA6E6-3D36-475F-B92E-29D078E12A43}.Debug|Any CPU.ActiveCfg = Debug|Any CPU
		{593EA6E6-3D36-475F-B92E-29D078E12A43}.Debug|Any CPU.Build.0 = Debug|Any CPU
		{593EA6E6-3D36-475F-B92E-29D078E12A43}.Razor|Any CPU.ActiveCfg = Razor|Any CPU
		{593EA6E6-3D36-475F-B92E-29D078E12A43}.Razor|Any CPU.Build.0 = Razor|Any CPU
		{593EA6E6-3D36-475F-B92E-29D078E12A43}.Release|Any CPU.ActiveCfg = Release|Any CPU
		{593EA6E6-3D36-475F-B92E-29D078E12A43}.Release|Any CPU.Build.0 = Release|Any CPU
	EndGlobalSection
	GlobalSection(SolutionProperties) = preSolution
		HideSolutionNode = FALSE
	EndGlobalSection
	GlobalSection(ExtensibilityGlobals) = postSolution
		SolutionGuid = {F70F5C95-BD2F-4726-AF37-D39B393E008A}
	EndGlobalSection
EndGlobal
